{
	"name": "semilimes",
	"version": "1.0.0",
	"lockfileVersion": 2,
	"requires": true,
	"packages": {
		"": {
			"name": "semilimes",
			"version": "1.0.0",
			"license": "Apache 2.0",
			"dependencies": {
				"ws": "github:websockets/ws"
			}
		},
		"node_modules/ws": {
			"version": "8.3.0",
			"resolved": "git+ssh://git@github.com/websockets/ws.git#c82b08737fbe142dd910fc7e429399e23b95c6d6",
			"license": "MIT",
			"engines": {
				"node": ">=10.0.0"
			},
			"peerDependencies": {
				"bufferutil": "^4.0.1",
				"utf-8-validate": "^5.0.2"
			},
			"peerDependenciesMeta": {
				"bufferutil": {
					"optional": true
				},
				"utf-8-validate": {
					"optional": true
				}
			}
		}
	},
	"dependencies": {
		"ws": {
			"version": "git+ssh://git@github.com/websockets/ws.git#c82b08737fbe142dd910fc7e429399e23b95c6d6",
			"from": "ws@https://github.com/websockets/ws.git",
			"requires": {}
		}
	}
}
